github.com/google/uuid v1.3.0 h1:t6JiXgmwXMjEs8VusXIJk2BXHsn+wx8BZdTaoZ5fu7I=
github.com/google/uuid v1.3.0/go.mod h1:TIyPZe4MgqvfeYDBFedMoGGpEw/LqOeaOT+nhxU+yHo=
github.com/logykk/go-mc v1.19.4-x6 h1:9RBJbXuut/gB1a7Hv4zeht8IlSqIHisp6sLO1a7rcL8=
github.com/logykk/go-mc v1.19.4-x6/go.mod h1:c1znJQglgqa1Jjs3Dr29woN/msguiJrlNtWXhKedh2U=
github.com/lxn/walk v0.0.0-20210112085537-c389da54e794 h1:NVRJ0Uy0SOFcXSKLsS65OmI1sgCCfiDUPj+cwnH7GZw=
github.com/lxn/walk v0.0.0-20210112085537-c389da54e794/go.mod h1:E23UucZGqpuUANJooIbHWCufXvOcT6E7Stq81gU+CSQ=
github.com/lxn/win v0.0.0-20210218163916-a377121e959e h1:H+t6A/QJMbhCSEH5rAuRxh+CtW96g0Or0Fxa9IKr4uc=
github.com/lxn/win v0.0.0-20210218163916-a377121e959e/go.mod h1:KxxjdtRkfNoYDCUP5ryK7XJJNTnpC8atvtmTheChOtk=
github.com/webview/webview v0.0.0-20240227093611-adbb85d0f545 h1:ILziunJI/2vE3A12bPH3wZUpXrA5P0aPb3zVvFjXpeQ=
github.com/webview/webview v0.0.0-20240227093611-adbb85d0f545/go.mod h1:Zk81X+8/mp/MNoeJXXK4Noydn8pcea09e00dFfAwrxg=
github.com/zserge/webview v0.0.0-20240227093611-adbb85d0f545 h1:WBGQ5F40SwWXiFbMqkWdnzwPD9iYGH3gRytX1dn1mGI=
github.com/zserge/webview v0.0.0-20240227093611-adbb85d0f545/go.mod h1:a1CV8KR4Dd1eP2g+mEijGOp+HKczwdKHWyx0aPHKvo4=
golang.org/x/sys v0.0.0-20201018230417-eeed37f84f13/go.mod h1:h1NjWce9XRLGQEsW7wpKNCjG9DtNlClVuFLEZdDNbEs=
golang.org/x/sys v0.19.0 h1:q5f1RH2jigJ1MoAWp2KTp3gm5zAGFUTarQZ5U386+4o=
golang.org/x/sys v0.19.0/go.mod h1:/VUhepiaJMQUp4+oa/7Zr1D23ma6VTLIYjOOTFZPUcA=
gopkg.in/Knetic/govaluate.v3 v3.0.0 h1:18mUyIt4ZlRlFZAAfVetz4/rzlJs9yhN+U02F4u1AOc=
gopkg.in/Knetic/govaluate.v3 v3.0.0/go.mod h1:csKLBORsPbafmSCGTEh3U7Ozmsuq8ZSIlKk1bcqph0E=
